<?xml version="1.0" encoding="utf-8"?>
<Project ToolsVersion="4.0" xmlns="http://schemas.microsoft.com/developer/msbuild/2003">
  <ItemGroup>
    <Filter Include="Inc">
      <UniqueIdentifier>{1e2aefee-bdef-4810-a494-ccf463cc6c37}</UniqueIdentifier>
    </Filter>
    <Filter Include="Src">
      <UniqueIdentifier>{ab564268-9546-451b-be64-4ad91cb8588b}</UniqueIdentifier>
    </Filter>
  </ItemGroup>
  <ItemGroup>
    <ClInclude Include="Inc\Common.h">
      <Filter>Inc</Filter>
    </ClInclude>
    <ClInclude Include="Inc\Physics.h">
      <Filter>Inc</Filter>
    </ClInclude>
    <ClInclude Include="Src\Precompiled.h">
      <Filter>Src</Filter>
    </ClInclude>
    <ClInclude Include="Inc\PhysicsWorld.h">
      <Filter>Inc</Filter>
    </ClInclude>
    <ClInclude Include="Inc\PhysicsObject.h">
      <Filter>Inc</Filter>
    </ClInclude>
    <ClInclude Include="Inc\CollisionShape.h">
      <Filter>Inc</Filter>
    </ClInclude>
    <ClInclude Include="Inc\RigidBody.h">
      <Filter>Inc</Filter>
    </ClInclude>
    <ClInclude Include="Inc\PhysicsDebugDrawer.h">
      <Filter>Inc</Filter>
    </ClInclude>
  </ItemGroup>
  <ItemGroup>
    <ClCompile Include="Src\Precompiled.cpp">
      <Filter>Src</Filter>
    </ClCompile>
    <ClCompile Include="Src\PhysicsWorld.cpp">
      <Filter>Src</Filter>
    </ClCompile>
    <ClCompile Include="Src\CollisionShape.cpp">
      <Filter>Src</Filter>
    </ClCompile>
    <ClCompile Include="Src\RigidBody.cpp">
      <Filter>Src</Filter>
    </ClCompile>
    <ClCompile Include="Src\PhysicsDebugDrawer.cpp">
      <Filter>Src</Filter>
    </ClCompile>
  </ItemGroup>
</Project>